
Microsoft Visual Studio Solution File, Format Version 12.00
# Visual Studio Version 16
VisualStudioVersion = 16.0.29111.141
MinimumVisualStudioVersion = 10.0.40219.1
Project("{FAE04EC0-301F-11D3-BF4B-00C04F79EFBC}") = "EX 6A Manipulating Arrays", "EX 6A Manipulating Arrays.csproj", "{AB076099-F533-466F-8ACE-DBF9021521A3}"
EndProject
Global
	GlobalSection(SolutionConfigurationPlatforms) = preSolution
		Debug|Any CPU = Debug|Any CPU
		Release|Any CPU = Release|Any CPU
	EndGlobalSection
	GlobalSection(ProjectConfigurationPlatforms) = postSolution
		{AB076099-F533-466F-8ACE-DBF9021521A3}.Debug|Any CPU.ActiveCfg = Debug|Any CPU
		{AB076099-F533-466F-8ACE-DBF9021521A3}.Debug|Any CPU.Build.0 = Debug|Any CPU
		{AB076099-F533-466F-8ACE-DBF9021521A3}.Release|Any CPU.ActiveCfg = Release|Any CPU
		{AB076099-F533-466F-8ACE-DBF9021521A3}.Release|Any CPU.Build.0 = Release|Any CPU
	EndGlobalSection
	GlobalSection(SolutionProperties) = preSolution
		HideSolutionNode = FALSE
	EndGlobalSection
	GlobalSection(ExtensibilityGlobals) = postSolution
		SolutionGuid = {0A5296DE-ECB8-4671-A96A-63FBC0C98FB5}
	EndGlobalSection
EndGlobal
